
Microsoft Visual Studio Solution File, Format Version 12.00
# Visual Studio Version 17
VisualStudioVersion = 17.8.34322.80
MinimumVisualStudioVersion = 10.0.40219.1
Project("{FAE04EC0-301F-11D3-BF4B-00C04F79EFBC}") = "Zenfuscator Cleaner", "Zenfuscator Cleaner\Zenfuscator Cleaner.csproj", "{850DA314-6CE5-46AA-B625-9FDFE9F93333}"
EndProject
Global
	GlobalSection(SolutionConfigurationPlatforms) = preSolution
		Debug|Any CPU = Debug|Any CPU
		Release|Any CPU = Release|Any CPU
	EndGlobalSection
	GlobalSection(ProjectConfigurationPlatforms) = postSolution
		{850DA314-6CE5-46AA-B625-9FDFE9F93333}.Debug|Any CPU.ActiveCfg = Debug|Any CPU
		{850DA314-6CE5-46AA-B625-9FDFE9F93333}.Debug|Any CPU.Build.0 = Debug|Any CPU
		{850DA314-6CE5-46AA-B625-9FDFE9F93333}.Release|Any CPU.ActiveCfg = Release|Any CPU
		{850DA314-6CE5-46AA-B625-9FDFE9F93333}.Release|Any CPU.Build.0 = Release|Any CPU
	EndGlobalSection
	GlobalSection(SolutionProperties) = preSolution
		HideSolutionNode = FALSE
	EndGlobalSection
	GlobalSection(ExtensibilityGlobals) = postSolution
		SolutionGuid = {13BEDADA-F533-445E-B72A-021903B34F2B}
	EndGlobalSection
EndGlobal
